
Microsoft Visual Studio Solution File, Format Version 12.00
# Visual Studio Version 17
VisualStudioVersion = 17.5.33530.505
MinimumVisualStudioVersion = 10.0.40219.1
Project("{9A19103F-16F7-4668-BE54-9A1E7A4F7556}") = "E01Lambda", "E01Lambda\E01Lambda.csproj", "{11998089-212F-4EBB-9476-BDCC1056B8FE}"
EndProject
Project("{FAE04EC0-301F-11D3-BF4B-00C04F79EFBC}") = "E02Delegati", "E02Delegati\E02Delegati.csproj", "{C7B60311-5912-4D18-9605-B04E82AB2C16}"
EndProject
Project("{FAE04EC0-301F-11D3-BF4B-00C04F79EFBC}") = "E03Ekstenzije", "E03Ekstenzije\E03Ekstenzije.csproj", "{63577EB2-4E61-42DB-85C8-FD77DB3B56D1}"
EndProject
Global
	GlobalSection(SolutionConfigurationPlatforms) = preSolution
		Debug|Any CPU = Debug|Any CPU
		Release|Any CPU = Release|Any CPU
	EndGlobalSection
	GlobalSection(ProjectConfigurationPlatforms) = postSolution
		{11998089-212F-4EBB-9476-BDCC1056B8FE}.Debug|Any CPU.ActiveCfg = Debug|Any CPU
		{11998089-212F-4EBB-9476-BDCC1056B8FE}.Debug|Any CPU.Build.0 = Debug|Any CPU
		{11998089-212F-4EBB-9476-BDCC1056B8FE}.Release|Any CPU.ActiveCfg = Release|Any CPU
		{11998089-212F-4EBB-9476-BDCC1056B8FE}.Release|Any CPU.Build.0 = Release|Any CPU
		{C7B60311-5912-4D18-9605-B04E82AB2C16}.Debug|Any CPU.ActiveCfg = Debug|Any CPU
		{C7B60311-5912-4D18-9605-B04E82AB2C16}.Debug|Any CPU.Build.0 = Debug|Any CPU
		{C7B60311-5912-4D18-9605-B04E82AB2C16}.Release|Any CPU.ActiveCfg = Release|Any CPU
		{C7B60311-5912-4D18-9605-B04E82AB2C16}.Release|Any CPU.Build.0 = Release|Any CPU
		{63577EB2-4E61-42DB-85C8-FD77DB3B56D1}.Debug|Any CPU.ActiveCfg = Debug|Any CPU
		{63577EB2-4E61-42DB-85C8-FD77DB3B56D1}.Debug|Any CPU.Build.0 = Debug|Any CPU
		{63577EB2-4E61-42DB-85C8-FD77DB3B56D1}.Release|Any CPU.ActiveCfg = Release|Any CPU
		{63577EB2-4E61-42DB-85C8-FD77DB3B56D1}.Release|Any CPU.Build.0 = Release|Any CPU
	EndGlobalSection
	GlobalSection(SolutionProperties) = preSolution
		HideSolutionNode = FALSE
	EndGlobalSection
	GlobalSection(ExtensibilityGlobals) = postSolution
		SolutionGuid = {042FE522-31F5-4014-B697-8BA43200C8B2}
	EndGlobalSection
EndGlobal
