
Microsoft Visual Studio Solution File, Format Version 12.00
# Visual Studio Version 17
VisualStudioVersion = 17.5.33530.505
MinimumVisualStudioVersion = 10.0.40219.1
Project("{9A19103F-16F7-4668-BE54-9A1E7A4F7556}") = "E01UvjetnoGrananjeIF", "E01UvjetnoGrananjeIF.csproj", "{B91AC538-12A5-4D38-A795-F8C115FBFA18}"
EndProject
Project("{FAE04EC0-301F-11D3-BF4B-00C04F79EFBC}") = "E02UvjetnoGrananjeSwitch", "E02UvjetnoGrananjeSwitch\E02UvjetnoGrananjeSwitch.csproj", "{A418255F-3F45-4452-AA54-354444D09001}"
EndProject
Project("{FAE04EC0-301F-11D3-BF4B-00C04F79EFBC}") = "E03NIzovi", "E03NIzovi\E03NIzovi.csproj", "{F27E4E10-5888-494D-9EFB-351E021AFA82}"
EndProject
Global
	GlobalSection(SolutionConfigurationPlatforms) = preSolution
		Debug|Any CPU = Debug|Any CPU
		Release|Any CPU = Release|Any CPU
	EndGlobalSection
	GlobalSection(ProjectConfigurationPlatforms) = postSolution
		{B91AC538-12A5-4D38-A795-F8C115FBFA18}.Debug|Any CPU.ActiveCfg = Debug|Any CPU
		{B91AC538-12A5-4D38-A795-F8C115FBFA18}.Debug|Any CPU.Build.0 = Debug|Any CPU
		{B91AC538-12A5-4D38-A795-F8C115FBFA18}.Release|Any CPU.ActiveCfg = Release|Any CPU
		{B91AC538-12A5-4D38-A795-F8C115FBFA18}.Release|Any CPU.Build.0 = Release|Any CPU
		{A418255F-3F45-4452-AA54-354444D09001}.Debug|Any CPU.ActiveCfg = Debug|Any CPU
		{A418255F-3F45-4452-AA54-354444D09001}.Debug|Any CPU.Build.0 = Debug|Any CPU
		{A418255F-3F45-4452-AA54-354444D09001}.Release|Any CPU.ActiveCfg = Release|Any CPU
		{A418255F-3F45-4452-AA54-354444D09001}.Release|Any CPU.Build.0 = Release|Any CPU
		{F27E4E10-5888-494D-9EFB-351E021AFA82}.Debug|Any CPU.ActiveCfg = Debug|Any CPU
		{F27E4E10-5888-494D-9EFB-351E021AFA82}.Debug|Any CPU.Build.0 = Debug|Any CPU
		{F27E4E10-5888-494D-9EFB-351E021AFA82}.Release|Any CPU.ActiveCfg = Release|Any CPU
		{F27E4E10-5888-494D-9EFB-351E021AFA82}.Release|Any CPU.Build.0 = Release|Any CPU
	EndGlobalSection
	GlobalSection(SolutionProperties) = preSolution
		HideSolutionNode = FALSE
	EndGlobalSection
	GlobalSection(ExtensibilityGlobals) = postSolution
		SolutionGuid = {9C3651A8-7F48-44E0-B6D8-C1B7574C99A1}
	EndGlobalSection
EndGlobal
