
Microsoft Visual Studio Solution File, Format Version 12.00
# Visual Studio Version 17
VisualStudioVersion = 17.5.33530.505
MinimumVisualStudioVersion = 10.0.40219.1
Project("{9A19103F-16F7-4668-BE54-9A1E7A4F7556}") = "E01Nasljeđivanje", "E01Nasljeđivanje.csproj", "{D5648493-0BC4-4010-80CC-D4F74593CF82}"
EndProject
Project("{FAE04EC0-301F-11D3-BF4B-00C04F79EFBC}") = "E02ApstraktnaKlasaIMetoda", "E02ApstraktnaKlasaIMetoda\E02ApstraktnaKlasaIMetoda.csproj", "{9F02547D-1BD0-4786-BD3B-6A5F62FA10A3}"
EndProject
Project("{FAE04EC0-301F-11D3-BF4B-00C04F79EFBC}") = "E03Polimorfizam", "E03Polimorfizam\E03Polimorfizam.csproj", "{D5F1F08B-2F47-43BF-9A74-74D200FDA9DF}"
EndProject
Global
	GlobalSection(SolutionConfigurationPlatforms) = preSolution
		Debug|Any CPU = Debug|Any CPU
		Release|Any CPU = Release|Any CPU
	EndGlobalSection
	GlobalSection(ProjectConfigurationPlatforms) = postSolution
		{D5648493-0BC4-4010-80CC-D4F74593CF82}.Debug|Any CPU.ActiveCfg = Debug|Any CPU
		{D5648493-0BC4-4010-80CC-D4F74593CF82}.Debug|Any CPU.Build.0 = Debug|Any CPU
		{D5648493-0BC4-4010-80CC-D4F74593CF82}.Release|Any CPU.ActiveCfg = Release|Any CPU
		{D5648493-0BC4-4010-80CC-D4F74593CF82}.Release|Any CPU.Build.0 = Release|Any CPU
		{9F02547D-1BD0-4786-BD3B-6A5F62FA10A3}.Debug|Any CPU.ActiveCfg = Debug|Any CPU
		{9F02547D-1BD0-4786-BD3B-6A5F62FA10A3}.Debug|Any CPU.Build.0 = Debug|Any CPU
		{9F02547D-1BD0-4786-BD3B-6A5F62FA10A3}.Release|Any CPU.ActiveCfg = Release|Any CPU
		{9F02547D-1BD0-4786-BD3B-6A5F62FA10A3}.Release|Any CPU.Build.0 = Release|Any CPU
		{D5F1F08B-2F47-43BF-9A74-74D200FDA9DF}.Debug|Any CPU.ActiveCfg = Debug|Any CPU
		{D5F1F08B-2F47-43BF-9A74-74D200FDA9DF}.Debug|Any CPU.Build.0 = Debug|Any CPU
		{D5F1F08B-2F47-43BF-9A74-74D200FDA9DF}.Release|Any CPU.ActiveCfg = Release|Any CPU
		{D5F1F08B-2F47-43BF-9A74-74D200FDA9DF}.Release|Any CPU.Build.0 = Release|Any CPU
	EndGlobalSection
	GlobalSection(SolutionProperties) = preSolution
		HideSolutionNode = FALSE
	EndGlobalSection
	GlobalSection(ExtensibilityGlobals) = postSolution
		SolutionGuid = {A8A80952-5A3E-4C6C-A9AB-8E879B67629E}
	EndGlobalSection
EndGlobal
