
Microsoft Visual Studio Solution File, Format Version 12.00
# Visual Studio Version 17
VisualStudioVersion = 17.5.33530.505
MinimumVisualStudioVersion = 10.0.40219.1
Project("{FAE04EC0-301F-11D3-BF4B-00C04F79EFBC}") = "HelloWorld", "HelloWorld\HelloWorld.csproj", "{DB8A373D-86A1-422E-B754-1BE01E7FB7DD}"
EndProject
Global
	GlobalSection(SolutionConfigurationPlatforms) = preSolution
		Debug|Any CPU = Debug|Any CPU
		Release|Any CPU = Release|Any CPU
	EndGlobalSection
	GlobalSection(ProjectConfigurationPlatforms) = postSolution
		{DB8A373D-86A1-422E-B754-1BE01E7FB7DD}.Debug|Any CPU.ActiveCfg = Debug|Any CPU
		{DB8A373D-86A1-422E-B754-1BE01E7FB7DD}.Debug|Any CPU.Build.0 = Debug|Any CPU
		{DB8A373D-86A1-422E-B754-1BE01E7FB7DD}.Release|Any CPU.ActiveCfg = Release|Any CPU
		{DB8A373D-86A1-422E-B754-1BE01E7FB7DD}.Release|Any CPU.Build.0 = Release|Any CPU
	EndGlobalSection
	GlobalSection(SolutionProperties) = preSolution
		HideSolutionNode = FALSE
	EndGlobalSection
	GlobalSection(ExtensibilityGlobals) = postSolution
		SolutionGuid = {0E06903A-E656-4A52-B165-4BF31496FDCA}
	EndGlobalSection
EndGlobal
