
Microsoft Visual Studio Solution File, Format Version 12.00
# Visual Studio Version 17
VisualStudioVersion = 17.5.33530.505
MinimumVisualStudioVersion = 10.0.40219.1
Project("{FAE04EC0-301F-11D3-BF4B-00C04F79EFBC}") = "ConsoleApp5", "ConsoleApp5.csproj", "{C49866F9-7799-4EA9-A69C-199A95D97B34}"
EndProject
Global
	GlobalSection(SolutionConfigurationPlatforms) = preSolution
		Debug|Any CPU = Debug|Any CPU
		Release|Any CPU = Release|Any CPU
	EndGlobalSection
	GlobalSection(ProjectConfigurationPlatforms) = postSolution
		{C49866F9-7799-4EA9-A69C-199A95D97B34}.Debug|Any CPU.ActiveCfg = Debug|Any CPU
		{C49866F9-7799-4EA9-A69C-199A95D97B34}.Debug|Any CPU.Build.0 = Debug|Any CPU
		{C49866F9-7799-4EA9-A69C-199A95D97B34}.Release|Any CPU.ActiveCfg = Release|Any CPU
		{C49866F9-7799-4EA9-A69C-199A95D97B34}.Release|Any CPU.Build.0 = Release|Any CPU
	EndGlobalSection
	GlobalSection(SolutionProperties) = preSolution
		HideSolutionNode = FALSE
	EndGlobalSection
	GlobalSection(ExtensibilityGlobals) = postSolution
		SolutionGuid = {1CFA184B-A99D-4FB0-9B38-B42A88A2C5E6}
	EndGlobalSection
EndGlobal
