
Microsoft Visual Studio Solution File, Format Version 12.00
# Visual Studio Version 17
VisualStudioVersion = 17.5.33530.505
MinimumVisualStudioVersion = 10.0.40219.1
Project("{FAE04EC0-301F-11D3-BF4B-00C04F79EFBC}") = "E01ForPetlja", "E01ForPetlja.csproj", "{DA105E45-4B0D-4FE5-85D3-B8EB46DCFF9B}"
EndProject
Project("{FAE04EC0-301F-11D3-BF4B-00C04F79EFBC}") = "E02WhilePetlja", "E02WhilePetlja\E02WhilePetlja.csproj", "{19F6DE7B-3489-4038-B23C-5D39E3410D62}"
EndProject
Project("{FAE04EC0-301F-11D3-BF4B-00C04F79EFBC}") = "E03DoPetlja", "E03DoPetlja\E03DoPetlja.csproj", "{F6D7BBB2-483C-4BB3-8D5C-34FDCA5E06F2}"
EndProject
Project("{FAE04EC0-301F-11D3-BF4B-00C04F79EFBC}") = "E04ForEach", "E04ForEach\E04ForEach.csproj", "{D13DFF14-D93B-403E-8E2E-036595E1CF79}"
EndProject
Project("{FAE04EC0-301F-11D3-BF4B-00C04F79EFBC}") = "E05CiklicnaMatrica", "E05CiklicnaMatrica\E05CiklicnaMatrica.csproj", "{57FCF38E-912D-40C1-A75E-C7EE8727D9CE}"
EndProject
Global
	GlobalSection(SolutionConfigurationPlatforms) = preSolution
		Debug|Any CPU = Debug|Any CPU
		Release|Any CPU = Release|Any CPU
	EndGlobalSection
	GlobalSection(ProjectConfigurationPlatforms) = postSolution
		{DA105E45-4B0D-4FE5-85D3-B8EB46DCFF9B}.Debug|Any CPU.ActiveCfg = Debug|Any CPU
		{DA105E45-4B0D-4FE5-85D3-B8EB46DCFF9B}.Debug|Any CPU.Build.0 = Debug|Any CPU
		{DA105E45-4B0D-4FE5-85D3-B8EB46DCFF9B}.Release|Any CPU.ActiveCfg = Release|Any CPU
		{DA105E45-4B0D-4FE5-85D3-B8EB46DCFF9B}.Release|Any CPU.Build.0 = Release|Any CPU
		{19F6DE7B-3489-4038-B23C-5D39E3410D62}.Debug|Any CPU.ActiveCfg = Debug|Any CPU
		{19F6DE7B-3489-4038-B23C-5D39E3410D62}.Debug|Any CPU.Build.0 = Debug|Any CPU
		{19F6DE7B-3489-4038-B23C-5D39E3410D62}.Release|Any CPU.ActiveCfg = Release|Any CPU
		{19F6DE7B-3489-4038-B23C-5D39E3410D62}.Release|Any CPU.Build.0 = Release|Any CPU
		{F6D7BBB2-483C-4BB3-8D5C-34FDCA5E06F2}.Debug|Any CPU.ActiveCfg = Debug|Any CPU
		{F6D7BBB2-483C-4BB3-8D5C-34FDCA5E06F2}.Debug|Any CPU.Build.0 = Debug|Any CPU
		{F6D7BBB2-483C-4BB3-8D5C-34FDCA5E06F2}.Release|Any CPU.ActiveCfg = Release|Any CPU
		{F6D7BBB2-483C-4BB3-8D5C-34FDCA5E06F2}.Release|Any CPU.Build.0 = Release|Any CPU
		{D13DFF14-D93B-403E-8E2E-036595E1CF79}.Debug|Any CPU.ActiveCfg = Debug|Any CPU
		{D13DFF14-D93B-403E-8E2E-036595E1CF79}.Debug|Any CPU.Build.0 = Debug|Any CPU
		{D13DFF14-D93B-403E-8E2E-036595E1CF79}.Release|Any CPU.ActiveCfg = Release|Any CPU
		{D13DFF14-D93B-403E-8E2E-036595E1CF79}.Release|Any CPU.Build.0 = Release|Any CPU
		{57FCF38E-912D-40C1-A75E-C7EE8727D9CE}.Debug|Any CPU.ActiveCfg = Debug|Any CPU
		{57FCF38E-912D-40C1-A75E-C7EE8727D9CE}.Debug|Any CPU.Build.0 = Debug|Any CPU
		{57FCF38E-912D-40C1-A75E-C7EE8727D9CE}.Release|Any CPU.ActiveCfg = Release|Any CPU
		{57FCF38E-912D-40C1-A75E-C7EE8727D9CE}.Release|Any CPU.Build.0 = Release|Any CPU
	EndGlobalSection
	GlobalSection(SolutionProperties) = preSolution
		HideSolutionNode = FALSE
	EndGlobalSection
	GlobalSection(ExtensibilityGlobals) = postSolution
		SolutionGuid = {6539AFF5-26AE-40B9-A360-8477717F2FDD}
	EndGlobalSection
EndGlobal
